
Microsoft Visual Studio Solution File, Format Version 12.00
# Visual Studio Version 17
VisualStudioVersion = 17.10.35004.147
MinimumVisualStudioVersion = 10.0.40219.1
Project("{9A19103F-16F7-4668-BE54-9A1E7A4F7556}") = "dvld.api", "dvld.api.csproj", "{E02BC9E1-F7A8-40C4-8540-BEA062E6D7D7}"
EndProject
Project("{9A19103F-16F7-4668-BE54-9A1E7A4F7556}") = "dvld.business", "..\dvld.business\dvld.business.csproj", "{0F54CC70-4002-4992-991E-5B04DB33C00B}"
EndProject
Project("{9A19103F-16F7-4668-BE54-9A1E7A4F7556}") = "dvld.data", "..\dvld.data\dvld.data.csproj", "{57519DE3-914F-48D1-BE82-3DDDC22C50F3}"
EndProject
Project("{FAE04EC0-301F-11D3-BF4B-00C04F79EFBC}") = "DTOs", "..\DTOs\DTOs.csproj", "{D49CAF40-1E7A-4DAF-9946-3EA2D7753A02}"
EndProject
Global
	GlobalSection(SolutionConfigurationPlatforms) = preSolution
		Debug|Any CPU = Debug|Any CPU
		Release|Any CPU = Release|Any CPU
	EndGlobalSection
	GlobalSection(ProjectConfigurationPlatforms) = postSolution
		{E02BC9E1-F7A8-40C4-8540-BEA062E6D7D7}.Debug|Any CPU.ActiveCfg = Debug|Any CPU
		{E02BC9E1-F7A8-40C4-8540-BEA062E6D7D7}.Debug|Any CPU.Build.0 = Debug|Any CPU
		{E02BC9E1-F7A8-40C4-8540-BEA062E6D7D7}.Release|Any CPU.ActiveCfg = Release|Any CPU
		{E02BC9E1-F7A8-40C4-8540-BEA062E6D7D7}.Release|Any CPU.Build.0 = Release|Any CPU
		{0F54CC70-4002-4992-991E-5B04DB33C00B}.Debug|Any CPU.ActiveCfg = Debug|Any CPU
		{0F54CC70-4002-4992-991E-5B04DB33C00B}.Debug|Any CPU.Build.0 = Debug|Any CPU
		{0F54CC70-4002-4992-991E-5B04DB33C00B}.Release|Any CPU.ActiveCfg = Release|Any CPU
		{0F54CC70-4002-4992-991E-5B04DB33C00B}.Release|Any CPU.Build.0 = Release|Any CPU
		{57519DE3-914F-48D1-BE82-3DDDC22C50F3}.Debug|Any CPU.ActiveCfg = Debug|Any CPU
		{57519DE3-914F-48D1-BE82-3DDDC22C50F3}.Debug|Any CPU.Build.0 = Debug|Any CPU
		{57519DE3-914F-48D1-BE82-3DDDC22C50F3}.Release|Any CPU.ActiveCfg = Release|Any CPU
		{57519DE3-914F-48D1-BE82-3DDDC22C50F3}.Release|Any CPU.Build.0 = Release|Any CPU
		{D49CAF40-1E7A-4DAF-9946-3EA2D7753A02}.Debug|Any CPU.ActiveCfg = Debug|Any CPU
		{D49CAF40-1E7A-4DAF-9946-3EA2D7753A02}.Debug|Any CPU.Build.0 = Debug|Any CPU
		{D49CAF40-1E7A-4DAF-9946-3EA2D7753A02}.Release|Any CPU.ActiveCfg = Release|Any CPU
		{D49CAF40-1E7A-4DAF-9946-3EA2D7753A02}.Release|Any CPU.Build.0 = Release|Any CPU
	EndGlobalSection
	GlobalSection(SolutionProperties) = preSolution
		HideSolutionNode = FALSE
	EndGlobalSection
	GlobalSection(ExtensibilityGlobals) = postSolution
		SolutionGuid = {6A589C34-3139-4C71-839A-A134E69DEFC3}
	EndGlobalSection
EndGlobal
